
Microsoft Visual Studio Solution File, Format Version 12.00
# Visual Studio Version 16
VisualStudioVersion = 16.0.30114.105
MinimumVisualStudioVersion = 10.0.40219.1
Project("{FAE04EC0-301F-11D3-BF4B-00C04F79EFBC}") = "Client", "Client\Client.csproj", "{6909A309-BACA-404E-B7E3-852D4EB6B946}"
EndProject
Project("{FAE04EC0-301F-11D3-BF4B-00C04F79EFBC}") = "Functions101", "Functions101\Functions101.csproj", "{7F868BE5-F7C6-44EA-AFA7-79DFAF003167}"
EndProject
Global
	GlobalSection(SolutionConfigurationPlatforms) = preSolution
		Debug|Any CPU = Debug|Any CPU
		Release|Any CPU = Release|Any CPU
	EndGlobalSection
	GlobalSection(SolutionProperties) = preSolution
		HideSolutionNode = FALSE
	EndGlobalSection
	GlobalSection(ProjectConfigurationPlatforms) = postSolution
		{6909A309-BACA-404E-B7E3-852D4EB6B946}.Debug|Any CPU.ActiveCfg = Debug|Any CPU
		{6909A309-BACA-404E-B7E3-852D4EB6B946}.Debug|Any CPU.Build.0 = Debug|Any CPU
		{6909A309-BACA-404E-B7E3-852D4EB6B946}.Release|Any CPU.ActiveCfg = Release|Any CPU
		{6909A309-BACA-404E-B7E3-852D4EB6B946}.Release|Any CPU.Build.0 = Release|Any CPU
		{7F868BE5-F7C6-44EA-AFA7-79DFAF003167}.Debug|Any CPU.ActiveCfg = Debug|Any CPU
		{7F868BE5-F7C6-44EA-AFA7-79DFAF003167}.Debug|Any CPU.Build.0 = Debug|Any CPU
		{7F868BE5-F7C6-44EA-AFA7-79DFAF003167}.Release|Any CPU.ActiveCfg = Release|Any CPU
		{7F868BE5-F7C6-44EA-AFA7-79DFAF003167}.Release|Any CPU.Build.0 = Release|Any CPU
	EndGlobalSection
EndGlobal
